
Microsoft Visual Studio Solution File, Format Version 12.00
# Visual Studio Version 17
VisualStudioVersion = 17.7.34018.315
MinimumVisualStudioVersion = 10.0.40219.1
Project("{2150E333-8FDC-42A3-9474-1A3956D46DE8}") = "SolutionItem", "SolutionItem", "{2540D15D-86A9-4D09-A329-844CB93E38A8}"
	ProjectSection(SolutionItems) = preProject
		docker-compose.override.yml = docker-compose.override.yml
		docker-compose.yml = docker-compose.yml
		global.json = global.json
	EndProjectSection
EndProject
Project("{2150E333-8FDC-42A3-9474-1A3956D46DE8}") = "src", "src", "{FD8B6073-C62E-4DBC-8E63-5D2BEBD49358}"
	ProjectSection(SolutionItems) = preProject
		docker-compose.override.yml = docker-compose.override.yml
		docker-compose.yml = docker-compose.yml
	EndProjectSection
EndProject
Project("{2150E333-8FDC-42A3-9474-1A3956D46DE8}") = "tests", "tests", "{CBFC52EC-58BE-463F-BDAD-74F19A9F97C2}"
EndProject
Project("{2150E333-8FDC-42A3-9474-1A3956D46DE8}") = "ApiGateways", "ApiGateways", "{8E1ACE9F-E88F-47C1-9592-DEC087BE1EC9}"
EndProject
Project("{2150E333-8FDC-42A3-9474-1A3956D46DE8}") = "BuildingBlocks", "BuildingBlocks", "{669C5253-C631-40A3-80CD-798834F8C265}"
EndProject
Project("{2150E333-8FDC-42A3-9474-1A3956D46DE8}") = "Services", "Services", "{1E30C91F-DF43-4376-92B9-BA77E004394B}"
EndProject
Project("{FAE04EC0-301F-11D3-BF4B-00C04F79EFBC}") = "Logging", "src\BuildingBlocks\Logging\Logging.csproj", "{4FB9C858-C29A-45DD-A3FD-7B56B362B7B1}"
EndProject
Project("{FAE04EC0-301F-11D3-BF4B-00C04F79EFBC}") = "EventBus.Messages", "src\BuildingBlocks\EventBus.Messages\EventBus.Messages.csproj", "{F2DED8BE-A576-4779-9664-B11D4288AD74}"
EndProject
Project("{2150E333-8FDC-42A3-9474-1A3956D46DE8}") = "Product", "Product", "{D958EA6B-A388-4EEA-AFBD-5B754F6AD195}"
EndProject
Project("{2150E333-8FDC-42A3-9474-1A3956D46DE8}") = "Customer", "Customer", "{99DB323F-904B-4E27-95A1-1E3098996310}"
EndProject
Project("{2150E333-8FDC-42A3-9474-1A3956D46DE8}") = "Basket", "Basket", "{7DCB075B-F09A-4CF6-BCC1-EDD267C5A339}"
EndProject
Project("{2150E333-8FDC-42A3-9474-1A3956D46DE8}") = "Ordering", "Ordering", "{178245BD-E565-45BF-B99D-5D7F1FAB4130}"
EndProject
Project("{2150E333-8FDC-42A3-9474-1A3956D46DE8}") = "Inventory", "Inventory", "{CDC3CCE1-4CB5-4737-9D62-65247E5B0D92}"
EndProject
Project("{2150E333-8FDC-42A3-9474-1A3956D46DE8}") = "ScheduledJob", "ScheduledJob", "{5A75C157-74CB-48A1-B7DF-605B9189E9C5}"
EndProject
Project("{FAE04EC0-301F-11D3-BF4B-00C04F79EFBC}") = "Basket.API", "src\Service\Basket.API\Basket.API.csproj", "{79AFD663-7CDB-4416-8D10-8F01990E05A7}"
EndProject
Project("{FAE04EC0-301F-11D3-BF4B-00C04F79EFBC}") = "Customer.API", "src\Service\Customer.API\Customer.API.csproj", "{47F42861-DCA8-4B5E-BCFF-69413C973753}"
EndProject
Project("{FAE04EC0-301F-11D3-BF4B-00C04F79EFBC}") = "Inventory.Product.API", "src\Service\Inventory.Product.API\Inventory.Product.API.csproj", "{4F64CCED-0E07-4B3D-92EE-8CDFE2175311}"
EndProject
Project("{FAE04EC0-301F-11D3-BF4B-00C04F79EFBC}") = "Ordering.API", "src\Service\Ordering.API\Ordering.API.csproj", "{7A32B991-8684-4D0C-99C9-57BE9E36F2EF}"
EndProject
Project("{FAE04EC0-301F-11D3-BF4B-00C04F79EFBC}") = "Product.API", "src\Service\Product.API\Product.API.csproj", "{592B8EED-128E-4C2F-8C86-5D8F37F47ACE}"
EndProject
Project("{FAE04EC0-301F-11D3-BF4B-00C04F79EFBC}") = "Hangfire.API", "src\Service\Hangfire.API\Hangfire.API.csproj", "{FB541754-B599-4355-8BE6-A497276DFCF5}"
EndProject
Project("{FAE04EC0-301F-11D3-BF4B-00C04F79EFBC}") = "Contracts", "src\BuildingBlocks\Contracts\Contracts.csproj", "{A88331E6-7A36-4D30-8F84-671DE3D262B6}"
EndProject
Project("{FAE04EC0-301F-11D3-BF4B-00C04F79EFBC}") = "Infrastructure", "src\BuildingBlocks\Infrastructure\Infrastructure.csproj", "{06EEF7FF-AE46-4294-98B3-B0EB938794F9}"
EndProject
Project("{FAE04EC0-301F-11D3-BF4B-00C04F79EFBC}") = "Shared", "src\BuildingBlocks\Shared\Shared.csproj", "{7896414F-7EF9-4A80-A76F-A98121592526}"
EndProject
Project("{FAE04EC0-301F-11D3-BF4B-00C04F79EFBC}") = "OcelotAPIGw", "src\APIGetways\OcelotAPIGw\OcelotAPIGw.csproj", "{B0A6C8CB-56BA-42BC-B869-2B9592497105}"
EndProject
Global
	GlobalSection(SolutionConfigurationPlatforms) = preSolution
		Debug|Any CPU = Debug|Any CPU
		Release|Any CPU = Release|Any CPU
	EndGlobalSection
	GlobalSection(ProjectConfigurationPlatforms) = postSolution
		{4FB9C858-C29A-45DD-A3FD-7B56B362B7B1}.Debug|Any CPU.ActiveCfg = Debug|Any CPU
		{4FB9C858-C29A-45DD-A3FD-7B56B362B7B1}.Debug|Any CPU.Build.0 = Debug|Any CPU
		{4FB9C858-C29A-45DD-A3FD-7B56B362B7B1}.Release|Any CPU.ActiveCfg = Release|Any CPU
		{4FB9C858-C29A-45DD-A3FD-7B56B362B7B1}.Release|Any CPU.Build.0 = Release|Any CPU
		{F2DED8BE-A576-4779-9664-B11D4288AD74}.Debug|Any CPU.ActiveCfg = Debug|Any CPU
		{F2DED8BE-A576-4779-9664-B11D4288AD74}.Debug|Any CPU.Build.0 = Debug|Any CPU
		{F2DED8BE-A576-4779-9664-B11D4288AD74}.Release|Any CPU.ActiveCfg = Release|Any CPU
		{F2DED8BE-A576-4779-9664-B11D4288AD74}.Release|Any CPU.Build.0 = Release|Any CPU
		{79AFD663-7CDB-4416-8D10-8F01990E05A7}.Debug|Any CPU.ActiveCfg = Debug|Any CPU
		{79AFD663-7CDB-4416-8D10-8F01990E05A7}.Debug|Any CPU.Build.0 = Debug|Any CPU
		{79AFD663-7CDB-4416-8D10-8F01990E05A7}.Release|Any CPU.ActiveCfg = Release|Any CPU
		{79AFD663-7CDB-4416-8D10-8F01990E05A7}.Release|Any CPU.Build.0 = Release|Any CPU
		{47F42861-DCA8-4B5E-BCFF-69413C973753}.Debug|Any CPU.ActiveCfg = Debug|Any CPU
		{47F42861-DCA8-4B5E-BCFF-69413C973753}.Debug|Any CPU.Build.0 = Debug|Any CPU
		{47F42861-DCA8-4B5E-BCFF-69413C973753}.Release|Any CPU.ActiveCfg = Release|Any CPU
		{47F42861-DCA8-4B5E-BCFF-69413C973753}.Release|Any CPU.Build.0 = Release|Any CPU
		{4F64CCED-0E07-4B3D-92EE-8CDFE2175311}.Debug|Any CPU.ActiveCfg = Debug|Any CPU
		{4F64CCED-0E07-4B3D-92EE-8CDFE2175311}.Debug|Any CPU.Build.0 = Debug|Any CPU
		{4F64CCED-0E07-4B3D-92EE-8CDFE2175311}.Release|Any CPU.ActiveCfg = Release|Any CPU
		{4F64CCED-0E07-4B3D-92EE-8CDFE2175311}.Release|Any CPU.Build.0 = Release|Any CPU
		{7A32B991-8684-4D0C-99C9-57BE9E36F2EF}.Debug|Any CPU.ActiveCfg = Debug|Any CPU
		{7A32B991-8684-4D0C-99C9-57BE9E36F2EF}.Debug|Any CPU.Build.0 = Debug|Any CPU
		{7A32B991-8684-4D0C-99C9-57BE9E36F2EF}.Release|Any CPU.ActiveCfg = Release|Any CPU
		{7A32B991-8684-4D0C-99C9-57BE9E36F2EF}.Release|Any CPU.Build.0 = Release|Any CPU
		{592B8EED-128E-4C2F-8C86-5D8F37F47ACE}.Debug|Any CPU.ActiveCfg = Debug|Any CPU
		{592B8EED-128E-4C2F-8C86-5D8F37F47ACE}.Debug|Any CPU.Build.0 = Debug|Any CPU
		{592B8EED-128E-4C2F-8C86-5D8F37F47ACE}.Release|Any CPU.ActiveCfg = Release|Any CPU
		{592B8EED-128E-4C2F-8C86-5D8F37F47ACE}.Release|Any CPU.Build.0 = Release|Any CPU
		{FB541754-B599-4355-8BE6-A497276DFCF5}.Debug|Any CPU.ActiveCfg = Debug|Any CPU
		{FB541754-B599-4355-8BE6-A497276DFCF5}.Debug|Any CPU.Build.0 = Debug|Any CPU
		{FB541754-B599-4355-8BE6-A497276DFCF5}.Release|Any CPU.ActiveCfg = Release|Any CPU
		{FB541754-B599-4355-8BE6-A497276DFCF5}.Release|Any CPU.Build.0 = Release|Any CPU
		{A88331E6-7A36-4D30-8F84-671DE3D262B6}.Debug|Any CPU.ActiveCfg = Debug|Any CPU
		{A88331E6-7A36-4D30-8F84-671DE3D262B6}.Debug|Any CPU.Build.0 = Debug|Any CPU
		{A88331E6-7A36-4D30-8F84-671DE3D262B6}.Release|Any CPU.ActiveCfg = Release|Any CPU
		{A88331E6-7A36-4D30-8F84-671DE3D262B6}.Release|Any CPU.Build.0 = Release|Any CPU
		{06EEF7FF-AE46-4294-98B3-B0EB938794F9}.Debug|Any CPU.ActiveCfg = Debug|Any CPU
		{06EEF7FF-AE46-4294-98B3-B0EB938794F9}.Debug|Any CPU.Build.0 = Debug|Any CPU
		{06EEF7FF-AE46-4294-98B3-B0EB938794F9}.Release|Any CPU.ActiveCfg = Release|Any CPU
		{06EEF7FF-AE46-4294-98B3-B0EB938794F9}.Release|Any CPU.Build.0 = Release|Any CPU
		{7896414F-7EF9-4A80-A76F-A98121592526}.Debug|Any CPU.ActiveCfg = Debug|Any CPU
		{7896414F-7EF9-4A80-A76F-A98121592526}.Debug|Any CPU.Build.0 = Debug|Any CPU
		{7896414F-7EF9-4A80-A76F-A98121592526}.Release|Any CPU.ActiveCfg = Release|Any CPU
		{7896414F-7EF9-4A80-A76F-A98121592526}.Release|Any CPU.Build.0 = Release|Any CPU
		{B0A6C8CB-56BA-42BC-B869-2B9592497105}.Debug|Any CPU.ActiveCfg = Debug|Any CPU
		{B0A6C8CB-56BA-42BC-B869-2B9592497105}.Debug|Any CPU.Build.0 = Debug|Any CPU
		{B0A6C8CB-56BA-42BC-B869-2B9592497105}.Release|Any CPU.ActiveCfg = Release|Any CPU
		{B0A6C8CB-56BA-42BC-B869-2B9592497105}.Release|Any CPU.Build.0 = Release|Any CPU
	EndGlobalSection
	GlobalSection(SolutionProperties) = preSolution
		HideSolutionNode = FALSE
	EndGlobalSection
	GlobalSection(NestedProjects) = preSolution
		{8E1ACE9F-E88F-47C1-9592-DEC087BE1EC9} = {FD8B6073-C62E-4DBC-8E63-5D2BEBD49358}
		{669C5253-C631-40A3-80CD-798834F8C265} = {FD8B6073-C62E-4DBC-8E63-5D2BEBD49358}
		{1E30C91F-DF43-4376-92B9-BA77E004394B} = {FD8B6073-C62E-4DBC-8E63-5D2BEBD49358}
		{4FB9C858-C29A-45DD-A3FD-7B56B362B7B1} = {669C5253-C631-40A3-80CD-798834F8C265}
		{F2DED8BE-A576-4779-9664-B11D4288AD74} = {669C5253-C631-40A3-80CD-798834F8C265}
		{D958EA6B-A388-4EEA-AFBD-5B754F6AD195} = {1E30C91F-DF43-4376-92B9-BA77E004394B}
		{99DB323F-904B-4E27-95A1-1E3098996310} = {1E30C91F-DF43-4376-92B9-BA77E004394B}
		{7DCB075B-F09A-4CF6-BCC1-EDD267C5A339} = {1E30C91F-DF43-4376-92B9-BA77E004394B}
		{178245BD-E565-45BF-B99D-5D7F1FAB4130} = {1E30C91F-DF43-4376-92B9-BA77E004394B}
		{CDC3CCE1-4CB5-4737-9D62-65247E5B0D92} = {1E30C91F-DF43-4376-92B9-BA77E004394B}
		{5A75C157-74CB-48A1-B7DF-605B9189E9C5} = {1E30C91F-DF43-4376-92B9-BA77E004394B}
		{79AFD663-7CDB-4416-8D10-8F01990E05A7} = {7DCB075B-F09A-4CF6-BCC1-EDD267C5A339}
		{47F42861-DCA8-4B5E-BCFF-69413C973753} = {99DB323F-904B-4E27-95A1-1E3098996310}
		{4F64CCED-0E07-4B3D-92EE-8CDFE2175311} = {CDC3CCE1-4CB5-4737-9D62-65247E5B0D92}
		{7A32B991-8684-4D0C-99C9-57BE9E36F2EF} = {178245BD-E565-45BF-B99D-5D7F1FAB4130}
		{592B8EED-128E-4C2F-8C86-5D8F37F47ACE} = {D958EA6B-A388-4EEA-AFBD-5B754F6AD195}
		{FB541754-B599-4355-8BE6-A497276DFCF5} = {5A75C157-74CB-48A1-B7DF-605B9189E9C5}
		{A88331E6-7A36-4D30-8F84-671DE3D262B6} = {669C5253-C631-40A3-80CD-798834F8C265}
		{06EEF7FF-AE46-4294-98B3-B0EB938794F9} = {669C5253-C631-40A3-80CD-798834F8C265}
		{7896414F-7EF9-4A80-A76F-A98121592526} = {669C5253-C631-40A3-80CD-798834F8C265}
		{B0A6C8CB-56BA-42BC-B869-2B9592497105} = {8E1ACE9F-E88F-47C1-9592-DEC087BE1EC9}
	EndGlobalSection
	GlobalSection(ExtensibilityGlobals) = postSolution
		SolutionGuid = {75DBB2F2-9198-4929-BDF4-CA1A64084648}
	EndGlobalSection
EndGlobal
